Microsoft Visual Studio Solution File, Format Version 11.00
# Visual Studio 2010
Project("{FAE04EC0-301F-11D3-BF4B-00C04F79EFBC}") = "Assembly-CSharp-firstpass", "Assembly-CSharp-firstpass.csproj", "{75036FBF-4800-8A3F-18C7-8FB76872CE41}"
EndProject
Project("{FAE04EC0-301F-11D3-BF4B-00C04F79EFBC}") = "Assembly-CSharp", "Assembly-CSharp.csproj", "{B873D1BD-3C83-FEA4-B472-B07DEE52D669}"
EndProject
Project("{FAE04EC0-301F-11D3-BF4B-00C04F79EFBC}") = "Assembly-CSharp-Editor", "Assembly-CSharp-Editor.csproj", "{4EABFBC4-BE67-1319-48ED-9B4E59F3FCB3}"
EndProject
Project("{FAE04EC0-301F-11D3-BF4B-00C04F79EFBC}") = "Assembly-CSharp-Editor-firstpass", "Assembly-CSharp-Editor-firstpass.csproj", "{BAA662C6-6279-402F-B9DB-62EB9F77F33B}"
EndProject
Global
	GlobalSection(SolutionConfigurationPlatforms) = preSolution
		Debug|Any CPU = Debug|Any CPU
		Release|Any CPU = Release|Any CPU
	EndGlobalSection
	GlobalSection(ProjectConfigurationPlatforms) = postSolution
		{75036FBF-4800-8A3F-18C7-8FB76872CE41}.Debug|Any CPU.ActiveCfg = Debug|Any CPU
		{75036FBF-4800-8A3F-18C7-8FB76872CE41}.Debug|Any CPU.Build.0 = Debug|Any CPU
		{75036FBF-4800-8A3F-18C7-8FB76872CE41}.Release|Any CPU.ActiveCfg = Release|Any CPU
		{75036FBF-4800-8A3F-18C7-8FB76872CE41}.Release|Any CPU.Build.0 = Release|Any CPU
		{B873D1BD-3C83-FEA4-B472-B07DEE52D669}.Debug|Any CPU.ActiveCfg = Debug|Any CPU
		{B873D1BD-3C83-FEA4-B472-B07DEE52D669}.Debug|Any CPU.Build.0 = Debug|Any CPU
		{B873D1BD-3C83-FEA4-B472-B07DEE52D669}.Release|Any CPU.ActiveCfg = Release|Any CPU
		{B873D1BD-3C83-FEA4-B472-B07DEE52D669}.Release|Any CPU.Build.0 = Release|Any CPU
		{4EABFBC4-BE67-1319-48ED-9B4E59F3FCB3}.Debug|Any CPU.ActiveCfg = Debug|Any CPU
		{4EABFBC4-BE67-1319-48ED-9B4E59F3FCB3}.Debug|Any CPU.Build.0 = Debug|Any CPU
		{4EABFBC4-BE67-1319-48ED-9B4E59F3FCB3}.Release|Any CPU.ActiveCfg = Release|Any CPU
		{4EABFBC4-BE67-1319-48ED-9B4E59F3FCB3}.Release|Any CPU.Build.0 = Release|Any CPU
		{BAA662C6-6279-402F-B9DB-62EB9F77F33B}.Debug|Any CPU.ActiveCfg = Debug|Any CPU
		{BAA662C6-6279-402F-B9DB-62EB9F77F33B}.Debug|Any CPU.Build.0 = Debug|Any CPU
		{BAA662C6-6279-402F-B9DB-62EB9F77F33B}.Release|Any CPU.ActiveCfg = Release|Any CPU
		{BAA662C6-6279-402F-B9DB-62EB9F77F33B}.Release|Any CPU.Build.0 = Release|Any CPU
	EndGlobalSection
	GlobalSection(SolutionProperties) = preSolution
		HideSolutionNode = FALSE
	EndGlobalSection
	GlobalSection(MonoDevelopProperties) = preSolution
		StartupItem = Assembly-CSharp.csproj
	EndGlobalSection
EndGlobal
